
Microsoft Visual Studio Solution File, Format Version 12.00
# Visual Studio Version 17
VisualStudioVersion = 17.0.31903.59
MinimumVisualStudioVersion = 10.0.40219.1
Project("{2150E333-8FDC-42A3-9474-1A3956D46DE8}") = "src", "src", "{C3EBE9A9-8499-4CFE-AD8A-CE4335B2D8AB}"
EndProject
Project("{FAE04EC0-301F-11D3-BF4B-00C04F79EFBC}") = "Users.Core", "src\Users.Core\Users.Core.csproj", "{338D941F-6DB1-49BD-B663-79D18127F79D}"
EndProject
Project("{FAE04EC0-301F-11D3-BF4B-00C04F79EFBC}") = "Users.Data", "src\Users.Data\Users.Data.csproj", "{129FCACC-8DF1-419F-98A8-FABD4DBCDEA1}"
EndProject
Project("{FAE04EC0-301F-11D3-BF4B-00C04F79EFBC}") = "Users.Api", "src\Users.Api\Users.Api.csproj", "{0B784803-85AA-46CA-B6C4-E86502A168E7}"
EndProject
Project("{2150E333-8FDC-42A3-9474-1A3956D46DE8}") = "tests", "tests", "{4977EF82-5E41-4A4A-BEE7-12CC293D322C}"
EndProject
Project("{FAE04EC0-301F-11D3-BF4B-00C04F79EFBC}") = "Users.Tests", "tests\Users.Tests\Users.Tests.csproj", "{7B6B6991-8C38-4E72-A549-406A3FC9A965}"
EndProject
Project("{2150E333-8FDC-42A3-9474-1A3956D46DE8}") = "benchmarks", "benchmarks", "{7D4364E8-4D1E-468F-A6D0-95E1110F2C10}"
EndProject
Project("{FAE04EC0-301F-11D3-BF4B-00C04F79EFBC}") = "Users.Benchmarks", "benchmarks\Users.Benchmarks\Users.Benchmarks.csproj", "{F19B6877-E999-4AC6-899A-B63B60FA1FC9}"
EndProject
Global
	GlobalSection(SolutionConfigurationPlatforms) = preSolution
		Debug|Any CPU = Debug|Any CPU
		Release|Any CPU = Release|Any CPU
	EndGlobalSection
	GlobalSection(SolutionProperties) = preSolution
		HideSolutionNode = FALSE
	EndGlobalSection
	GlobalSection(ProjectConfigurationPlatforms) = postSolution
		{338D941F-6DB1-49BD-B663-79D18127F79D}.Debug|Any CPU.ActiveCfg = Debug|Any CPU
		{338D941F-6DB1-49BD-B663-79D18127F79D}.Debug|Any CPU.Build.0 = Debug|Any CPU
		{338D941F-6DB1-49BD-B663-79D18127F79D}.Release|Any CPU.ActiveCfg = Release|Any CPU
		{338D941F-6DB1-49BD-B663-79D18127F79D}.Release|Any CPU.Build.0 = Release|Any CPU
		{129FCACC-8DF1-419F-98A8-FABD4DBCDEA1}.Debug|Any CPU.ActiveCfg = Debug|Any CPU
		{129FCACC-8DF1-419F-98A8-FABD4DBCDEA1}.Debug|Any CPU.Build.0 = Debug|Any CPU
		{129FCACC-8DF1-419F-98A8-FABD4DBCDEA1}.Release|Any CPU.ActiveCfg = Release|Any CPU
		{129FCACC-8DF1-419F-98A8-FABD4DBCDEA1}.Release|Any CPU.Build.0 = Release|Any CPU
		{0B784803-85AA-46CA-B6C4-E86502A168E7}.Debug|Any CPU.ActiveCfg = Debug|Any CPU
		{0B784803-85AA-46CA-B6C4-E86502A168E7}.Debug|Any CPU.Build.0 = Debug|Any CPU
		{0B784803-85AA-46CA-B6C4-E86502A168E7}.Release|Any CPU.ActiveCfg = Release|Any CPU
		{0B784803-85AA-46CA-B6C4-E86502A168E7}.Release|Any CPU.Build.0 = Release|Any CPU
		{7B6B6991-8C38-4E72-A549-406A3FC9A965}.Debug|Any CPU.ActiveCfg = Debug|Any CPU
		{7B6B6991-8C38-4E72-A549-406A3FC9A965}.Debug|Any CPU.Build.0 = Debug|Any CPU
		{7B6B6991-8C38-4E72-A549-406A3FC9A965}.Release|Any CPU.ActiveCfg = Release|Any CPU
		{7B6B6991-8C38-4E72-A549-406A3FC9A965}.Release|Any CPU.Build.0 = Release|Any CPU
		{F19B6877-E999-4AC6-899A-B63B60FA1FC9}.Debug|Any CPU.ActiveCfg = Debug|Any CPU
		{F19B6877-E999-4AC6-899A-B63B60FA1FC9}.Debug|Any CPU.Build.0 = Debug|Any CPU
		{F19B6877-E999-4AC6-899A-B63B60FA1FC9}.Release|Any CPU.ActiveCfg = Release|Any CPU
		{F19B6877-E999-4AC6-899A-B63B60FA1FC9}.Release|Any CPU.Build.0 = Release|Any CPU
	EndGlobalSection
	GlobalSection(NestedProjects) = preSolution
		{338D941F-6DB1-49BD-B663-79D18127F79D} = {C3EBE9A9-8499-4CFE-AD8A-CE4335B2D8AB}
		{129FCACC-8DF1-419F-98A8-FABD4DBCDEA1} = {C3EBE9A9-8499-4CFE-AD8A-CE4335B2D8AB}
		{0B784803-85AA-46CA-B6C4-E86502A168E7} = {C3EBE9A9-8499-4CFE-AD8A-CE4335B2D8AB}
		{7B6B6991-8C38-4E72-A549-406A3FC9A965} = {4977EF82-5E41-4A4A-BEE7-12CC293D322C}
		{F19B6877-E999-4AC6-899A-B63B60FA1FC9} = {7D4364E8-4D1E-468F-A6D0-95E1110F2C10}
	EndGlobalSection
EndGlobal
